
Microsoft Visual Studio Solution File, Format Version 10.00
# Visual Studio 2008
Project("{E24C65DC-7377-472B-9ABA-BC803B73C61A}") = "TacroManagement", "..\..\WebSites\TacroManagement\", "{BA4F2E09-7FDC-44EE-904A-02220E6DDCAF}"
	ProjectSection(WebsiteProperties) = preProject
		TargetFramework = "3.5"
		ProjectReferences = "{B7547DD2-E371-4BBA-A966-5055353F8138}|BLL.dll;{44121D5F-10E2-4F90-AC66-12396EE62605}|DALFactory.dll;{5D8505B9-9BE0-4E26-A6B2-F4F187859416}|IDAL.dll;{EC197E65-D7DC-40A6-858D-BFD4E6230031}|Model.dll;{674E86A3-B758-4A9F-A174-475EB8C8944F}|MySQLDAL.dll;{99E642E0-A7ED-4D65-A87C-6BEC1B98160A}|DBUtility.dll;"
		Debug.AspNetCompiler.VirtualPath = "/TacroManagement"
		Debug.AspNetCompiler.PhysicalPath = "..\..\WebSites\TacroManagement\"
		Debug.AspNetCompiler.TargetPath = "PrecompiledWeb\TacroManagement\"
		Debug.AspNetCompiler.Updateable = "true"
		Debug.AspNetCompiler.ForceOverwrite = "true"
		Debug.AspNetCompiler.FixedNames = "false"
		Debug.AspNetCompiler.Debug = "True"
		Release.AspNetCompiler.VirtualPath = "/TacroManagement"
		Release.AspNetCompiler.PhysicalPath = "..\..\WebSites\TacroManagement\"
		Release.AspNetCompiler.TargetPath = "PrecompiledWeb\TacroManagement\"
		Release.AspNetCompiler.Updateable = "true"
		Release.AspNetCompiler.ForceOverwrite = "true"
		Release.AspNetCompiler.FixedNames = "false"
		Release.AspNetCompiler.Debug = "False"
		VWDPort = "53113"
		VWDPort = "55967"
		DefaultWebSiteLanguage = "Visual C#"
	EndProjectSection
EndProject
Project("{FAE04EC0-301F-11D3-BF4B-00C04F79EFBC}") = "BLL", "BLL\BLL.csproj", "{B7547DD2-E371-4BBA-A966-5055353F8138}"
EndProject
Project("{FAE04EC0-301F-11D3-BF4B-00C04F79EFBC}") = "DALFactory", "DALFactory\DALFactory.csproj", "{44121D5F-10E2-4F90-AC66-12396EE62605}"
EndProject
Project("{FAE04EC0-301F-11D3-BF4B-00C04F79EFBC}") = "DBUtility", "DBUtility\DBUtility.csproj", "{99E642E0-A7ED-4D65-A87C-6BEC1B98160A}"
EndProject
Project("{FAE04EC0-301F-11D3-BF4B-00C04F79EFBC}") = "IDAL", "IDAL\IDAL.csproj", "{5D8505B9-9BE0-4E26-A6B2-F4F187859416}"
EndProject
Project("{FAE04EC0-301F-11D3-BF4B-00C04F79EFBC}") = "Model", "Model\Model.csproj", "{EC197E65-D7DC-40A6-858D-BFD4E6230031}"
EndProject
Project("{FAE04EC0-301F-11D3-BF4B-00C04F79EFBC}") = "MySQLDAL", "MySQLDAL\MySQLDAL.csproj", "{674E86A3-B758-4A9F-A174-475EB8C8944F}"
EndProject
Global
	GlobalSection(SolutionConfigurationPlatforms) = preSolution
		Debug|Any CPU = Debug|Any CPU
		Release|Any CPU = Release|Any CPU
	EndGlobalSection
	GlobalSection(ProjectConfigurationPlatforms) = postSolution
		{BA4F2E09-7FDC-44EE-904A-02220E6DDCAF}.Debug|Any CPU.ActiveCfg = Debug|Any CPU
		{BA4F2E09-7FDC-44EE-904A-02220E6DDCAF}.Debug|Any CPU.Build.0 = Debug|Any CPU
		{BA4F2E09-7FDC-44EE-904A-02220E6DDCAF}.Release|Any CPU.ActiveCfg = Debug|Any CPU
		{BA4F2E09-7FDC-44EE-904A-02220E6DDCAF}.Release|Any CPU.Build.0 = Debug|Any CPU
		{B7547DD2-E371-4BBA-A966-5055353F8138}.Debug|Any CPU.ActiveCfg = Debug|Any CPU
		{B7547DD2-E371-4BBA-A966-5055353F8138}.Debug|Any CPU.Build.0 = Debug|Any CPU
		{B7547DD2-E371-4BBA-A966-5055353F8138}.Release|Any CPU.ActiveCfg = Release|Any CPU
		{B7547DD2-E371-4BBA-A966-5055353F8138}.Release|Any CPU.Build.0 = Release|Any CPU
		{44121D5F-10E2-4F90-AC66-12396EE62605}.Debug|Any CPU.ActiveCfg = Debug|Any CPU
		{44121D5F-10E2-4F90-AC66-12396EE62605}.Debug|Any CPU.Build.0 = Debug|Any CPU
		{44121D5F-10E2-4F90-AC66-12396EE62605}.Release|Any CPU.ActiveCfg = Release|Any CPU
		{44121D5F-10E2-4F90-AC66-12396EE62605}.Release|Any CPU.Build.0 = Release|Any CPU
		{99E642E0-A7ED-4D65-A87C-6BEC1B98160A}.Debug|Any CPU.ActiveCfg = Debug|Any CPU
		{99E642E0-A7ED-4D65-A87C-6BEC1B98160A}.Debug|Any CPU.Build.0 = Debug|Any CPU
		{99E642E0-A7ED-4D65-A87C-6BEC1B98160A}.Release|Any CPU.ActiveCfg = Release|Any CPU
		{99E642E0-A7ED-4D65-A87C-6BEC1B98160A}.Release|Any CPU.Build.0 = Release|Any CPU
		{5D8505B9-9BE0-4E26-A6B2-F4F187859416}.Debug|Any CPU.ActiveCfg = Debug|Any CPU
		{5D8505B9-9BE0-4E26-A6B2-F4F187859416}.Debug|Any CPU.Build.0 = Debug|Any CPU
		{5D8505B9-9BE0-4E26-A6B2-F4F187859416}.Release|Any CPU.ActiveCfg = Release|Any CPU
		{5D8505B9-9BE0-4E26-A6B2-F4F187859416}.Release|Any CPU.Build.0 = Release|Any CPU
		{EC197E65-D7DC-40A6-858D-BFD4E6230031}.Debug|Any CPU.ActiveCfg = Debug|Any CPU
		{EC197E65-D7DC-40A6-858D-BFD4E6230031}.Debug|Any CPU.Build.0 = Debug|Any CPU
		{EC197E65-D7DC-40A6-858D-BFD4E6230031}.Release|Any CPU.ActiveCfg = Release|Any CPU
		{EC197E65-D7DC-40A6-858D-BFD4E6230031}.Release|Any CPU.Build.0 = Release|Any CPU
		{674E86A3-B758-4A9F-A174-475EB8C8944F}.Debug|Any CPU.ActiveCfg = Debug|Any CPU
		{674E86A3-B758-4A9F-A174-475EB8C8944F}.Debug|Any CPU.Build.0 = Debug|Any CPU
		{674E86A3-B758-4A9F-A174-475EB8C8944F}.Release|Any CPU.ActiveCfg = Release|Any CPU
		{674E86A3-B758-4A9F-A174-475EB8C8944F}.Release|Any CPU.Build.0 = Release|Any CPU
	EndGlobalSection
	GlobalSection(SolutionProperties) = preSolution
		HideSolutionNode = FALSE
	EndGlobalSection
EndGlobal
